// !$*UTF8*$!
{
	archiveVersion = 1;
	classes = {
	};
	objectVersion = 56;
	objects = {

/* Begin PBXBuildFile section */
		AD4C9F8F2923BC5200D12AEC /* AppDelegate.swift in Sources */ = {isa = PBXBuildFile; fileRef = AD4C9F8E2923BC5200D12AEC /* AppDelegate.swift */; };
		AD4C9F912923BC5200D12AEC /* SceneDelegate.swift in Sources */ = {isa = PBXBuildFile; fileRef = AD4C9F902923BC5200D12AEC /* SceneDelegate.swift */; };
		AD4C9F962923BC5200D12AEC /* Main.storyboard in Resources */ = {isa = PBXBuildFile; fileRef = AD4C9F942923BC5200D12AEC /* Main.storyboard */; };
		AD4C9F982923BC5400D12AEC /* Assets.xcassets in Resources */ = {isa = PBXBuildFile; fileRef = AD4C9F972923BC5400D12AEC /* Assets.xcassets */; };
		AD4C9F9B2923BC5400D12AEC /* LaunchScreen.storyboard in Resources */ = {isa = PBXBuildFile; fileRef = AD4C9F992923BC5400D12AEC /* LaunchScreen.storyboard */; };
		AD4C9FA62923BC5400D12AEC /* OpineonTests.swift in Sources */ = {isa = PBXBuildFile; fileRef = AD4C9FA52923BC5400D12AEC /* OpineonTests.swift */; };
		AD4C9FB02923BC5400D12AEC /* OpineonUITests.swift in Sources */ = {isa = PBXBuildFile; fileRef = AD4C9FAF2923BC5400D12AEC /* OpineonUITests.swift */; };
		AD4C9FB22923BC5400D12AEC /* OpineonUITestsLaunchTests.swift in Sources */ = {isa = PBXBuildFile; fileRef = AD4C9FB12923BC5400D12AEC /* OpineonUITestsLaunchTests.swift */; };
		AD4C9FD42923C64400D12AEC /* Auth.storyboard in Resources */ = {isa = PBXBuildFile; fileRef = AD4C9FD32923C64400D12AEC /* Auth.storyboard */; };
		AD4C9FD82923C76F00D12AEC /* LaunchViewController.swift in Sources */ = {isa = PBXBuildFile; fileRef = AD4C9FD72923C76F00D12AEC /* LaunchViewController.swift */; };
		AD4C9FDB2923C84500D12AEC /* LaunchScreenViewModel.swift in Sources */ = {isa = PBXBuildFile; fileRef = AD4C9FDA2923C84500D12AEC /* LaunchScreenViewModel.swift */; };
		AD4C9FDD2923CB7800D12AEC /* PhoneAuthViewController.swift in Sources */ = {isa = PBXBuildFile; fileRef = AD4C9FDC2923CB7800D12AEC /* PhoneAuthViewController.swift */; };
		AD4C9FE12923CE4300D12AEC /* StoryboardExtension.swift in Sources */ = {isa = PBXBuildFile; fileRef = AD4C9FE02923CE4300D12AEC /* StoryboardExtension.swift */; };
		AD4C9FF22924C52E00D12AEC /* Economica-Bold.ttf in Resources */ = {isa = PBXBuildFile; fileRef = AD4C9FED2924C52E00D12AEC /* Economica-Bold.ttf */; };
		AD4C9FF32924C52E00D12AEC /* Economica-Regular.ttf in Resources */ = {isa = PBXBuildFile; fileRef = AD4C9FEE2924C52E00D12AEC /* Economica-Regular.ttf */; };
		AD4C9FF42924C52E00D12AEC /* Economica-Italic.ttf in Resources */ = {isa = PBXBuildFile; fileRef = AD4C9FEF2924C52E00D12AEC /* Economica-Italic.ttf */; };
		AD4C9FF52924C52E00D12AEC /* Futura.ttc in Resources */ = {isa = PBXBuildFile; fileRef = AD4C9FF12924C52E00D12AEC /* Futura.ttc */; };
/* End PBXBuildFile section */

/* Begin PBXContainerItemProxy section */
		AD4C9FA22923BC5400D12AEC /* PBXContainerItemProxy */ = {
			isa = PBXContainerItemProxy;
			containerPortal = AD4C9F832923BC5100D12AEC /* Project object */;
			proxyType = 1;
			remoteGlobalIDString = AD4C9F8A2923BC5200D12AEC;
			remoteInfo = Opineon;
		};
		AD4C9FAC2923BC5400D12AEC /* PBXContainerItemProxy */ = {
			isa = PBXContainerItemProxy;
			containerPortal = AD4C9F832923BC5100D12AEC /* Project object */;
			proxyType = 1;
			remoteGlobalIDString = AD4C9F8A2923BC5200D12AEC;
			remoteInfo = Opineon;
		};
/* End PBXContainerItemProxy section */

/* Begin PBXFileReference section */
		AD4C9F8B2923BC5200D12AEC /* Opineon.app */ = {isa = PBXFileReference; explicitFileType = wrapper.application; includeInIndex = 0; path = Opineon.app; sourceTree = BUILT_PRODUCTS_DIR; };
		AD4C9F8E2923BC5200D12AEC /* AppDelegate.swift */ = {isa = PBXFileReference; lastKnownFileType = sourcecode.swift; path = AppDelegate.swift; sourceTree = "<group>"; };
		AD4C9F902923BC5200D12AEC /* SceneDelegate.swift */ = {isa = PBXFileReference; lastKnownFileType = sourcecode.swift; path = SceneDelegate.swift; sourceTree = "<group>"; };
		AD4C9F952923BC5200D12AEC /* Base */ = {isa = PBXFileReference; lastKnownFileType = file.storyboard; name = Base; path = Base.lproj/Main.storyboard; sourceTree = "<group>"; };
		AD4C9F972923BC5400D12AEC /* Assets.xcassets */ = {isa = PBXFileReference; lastKnownFileType = folder.assetcatalog; path = Assets.xcassets; sourceTree = "<group>"; };
		AD4C9F9A2923BC5400D12AEC /* Base */ = {isa = PBXFileReference; lastKnownFileType = file.storyboard; name = Base; path = Base.lproj/LaunchScreen.storyboard; sourceTree = "<group>"; };
		AD4C9F9C2923BC5400D12AEC /* Info.plist */ = {isa = PBXFileReference; lastKnownFileType = text.plist.xml; path = Info.plist; sourceTree = "<group>"; };
		AD4C9FA12923BC5400D12AEC /* OpineonTests.xctest */ = {isa = PBXFileReference; explicitFileType = wrapper.cfbundle; includeInIndex = 0; path = OpineonTests.xctest; sourceTree = BUILT_PRODUCTS_DIR; };
		AD4C9FA52923BC5400D12AEC /* OpineonTests.swift */ = {isa = PBXFileReference; lastKnownFileType = sourcecode.swift; path = OpineonTests.swift; sourceTree = "<group>"; };
		AD4C9FAB2923BC5400D12AEC /* OpineonUITests.xctest */ = {isa = PBXFileReference; explicitFileType = wrapper.cfbundle; includeInIndex = 0; path = OpineonUITests.xctest; sourceTree = BUILT_PRODUCTS_DIR; };
		AD4C9FAF2923BC5400D12AEC /* OpineonUITests.swift */ = {isa = PBXFileReference; lastKnownFileType = sourcecode.swift; path = OpineonUITests.swift; sourceTree = "<group>"; };
		AD4C9FB12923BC5400D12AEC /* OpineonUITestsLaunchTests.swift */ = {isa = PBXFileReference; lastKnownFileType = sourcecode.swift; path = OpineonUITestsLaunchTests.swift; sourceTree = "<group>"; };
		AD4C9FD32923C64400D12AEC /* Auth.storyboard */ = {isa = PBXFileReference; lastKnownFileType = file.storyboard; path = Auth.storyboard; sourceTree = "<group>"; };
		AD4C9FD72923C76F00D12AEC /* LaunchViewController.swift */ = {isa = PBXFileReference; lastKnownFileType = sourcecode.swift; path = LaunchViewController.swift; sourceTree = "<group>"; };
		AD4C9FDA2923C84500D12AEC /* LaunchScreenViewModel.swift */ = {isa = PBXFileReference; lastKnownFileType = sourcecode.swift; path = LaunchScreenViewModel.swift; sourceTree = "<group>"; };
		AD4C9FDC2923CB7800D12AEC /* PhoneAuthViewController.swift */ = {isa = PBXFileReference; lastKnownFileType = sourcecode.swift; path = PhoneAuthViewController.swift; sourceTree = "<group>"; };
		AD4C9FE02923CE4300D12AEC /* StoryboardExtension.swift */ = {isa = PBXFileReference; lastKnownFileType = sourcecode.swift; path = StoryboardExtension.swift; sourceTree = "<group>"; };
		AD4C9FED2924C52E00D12AEC /* Economica-Bold.ttf */ = {isa = PBXFileReference; lastKnownFileType = file; path = "Economica-Bold.ttf"; sourceTree = "<group>"; };
		AD4C9FEE2924C52E00D12AEC /* Economica-Regular.ttf */ = {isa = PBXFileReference; lastKnownFileType = file; path = "Economica-Regular.ttf"; sourceTree = "<group>"; };
		AD4C9FEF2924C52E00D12AEC /* Economica-Italic.ttf */ = {isa = PBXFileReference; lastKnownFileType = file; path = "Economica-Italic.ttf"; sourceTree = "<group>"; };
		AD4C9FF12924C52E00D12AEC /* Futura.ttc */ = {isa = PBXFileReference; lastKnownFileType = file; path = Futura.ttc; sourceTree = "<group>"; };
/* End PBXFileReference section */

/* Begin PBXFrameworksBuildPhase section */
		AD4C9F882923BC5200D12AEC /* Frameworks */ = {
			isa = PBXFrameworksBuildPhase;
			buildActionMask = 2147483647;
			files = (
			);
			runOnlyForDeploymentPostprocessing = 0;
		};
		AD4C9F9E2923BC5400D12AEC /* Frameworks */ = {
			isa = PBXFrameworksBuildPhase;
			buildActionMask = 2147483647;
			files = (
			);
			runOnlyForDeploymentPostprocessing = 0;
		};
		AD4C9FA82923BC5400D12AEC /* Frameworks */ = {
			isa = PBXFrameworksBuildPhase;
			buildActionMask = 2147483647;
			files = (
			);
			runOnlyForDeploymentPostprocessing = 0;
		};
/* End PBXFrameworksBuildPhase section */

/* Begin PBXGroup section */
		AD4C9F822923BC5100D12AEC = {
			isa = PBXGroup;
			children = (
				AD4C9F8D2923BC5200D12AEC /* Opineon */,
				AD4C9FA42923BC5400D12AEC /* OpineonTests */,
				AD4C9FAE2923BC5400D12AEC /* OpineonUITests */,
				AD4C9F8C2923BC5200D12AEC /* Products */,
			);
			sourceTree = "<group>";
		};
		AD4C9F8C2923BC5200D12AEC /* Products */ = {
			isa = PBXGroup;
			children = (
				AD4C9F8B2923BC5200D12AEC /* Opineon.app */,
				AD4C9FA12923BC5400D12AEC /* OpineonTests.xctest */,
				AD4C9FAB2923BC5400D12AEC /* OpineonUITests.xctest */,
			);
			name = Products;
			sourceTree = "<group>";
		};
		AD4C9F8D2923BC5200D12AEC /* Opineon */ = {
			isa = PBXGroup;
			children = (
				AD4C9FE22924C3FD00D12AEC /* Resource */,
				AD4C9FBE2923C5EE00D12AEC /* Source */,
				AD4C9F8E2923BC5200D12AEC /* AppDelegate.swift */,
				AD4C9F902923BC5200D12AEC /* SceneDelegate.swift */,
				AD4C9F942923BC5200D12AEC /* Main.storyboard */,
				AD4C9F972923BC5400D12AEC /* Assets.xcassets */,
				AD4C9F992923BC5400D12AEC /* LaunchScreen.storyboard */,
				AD4C9F9C2923BC5400D12AEC /* Info.plist */,
			);
			path = Opineon;
			sourceTree = "<group>";
		};
		AD4C9FA42923BC5400D12AEC /* OpineonTests */ = {
			isa = PBXGroup;
			children = (
				AD4C9FA52923BC5400D12AEC /* OpineonTests.swift */,
			);
			path = OpineonTests;
			sourceTree = "<group>";
		};
		AD4C9FAE2923BC5400D12AEC /* OpineonUITests */ = {
			isa = PBXGroup;
			children = (
				AD4C9FAF2923BC5400D12AEC /* OpineonUITests.swift */,
				AD4C9FB12923BC5400D12AEC /* OpineonUITestsLaunchTests.swift */,
			);
			path = OpineonUITests;
			sourceTree = "<group>";
		};
		AD4C9FBE2923C5EE00D12AEC /* Source */ = {
			isa = PBXGroup;
			children = (
				AD4C9FBF2923C5EE00D12AEC /* Database */,
				AD4C9FC02923C5EE00D12AEC /* Module */,
				AD4C9FD12923C5EE00D12AEC /* Network */,
				AD4C9FD22923C5EE00D12AEC /* Utility */,
			);
			path = Source;
			sourceTree = "<group>";
		};
		AD4C9FBF2923C5EE00D12AEC /* Database */ = {
			isa = PBXGroup;
			children = (
			);
			path = Database;
			sourceTree = "<group>";
		};
		AD4C9FC02923C5EE00D12AEC /* Module */ = {
			isa = PBXGroup;
			children = (
				AD4C9FD52923C73200D12AEC /* Launch */,
				AD4C9FC12923C5EE00D12AEC /* Settings */,
				AD4C9FC22923C5EE00D12AEC /* Home */,
				AD4C9FC62923C5EE00D12AEC /* Auth */,
			);
			path = Module;
			sourceTree = "<group>";
		};
		AD4C9FC12923C5EE00D12AEC /* Settings */ = {
			isa = PBXGroup;
			children = (
			);
			path = Settings;
			sourceTree = "<group>";
		};
		AD4C9FC22923C5EE00D12AEC /* Home */ = {
			isa = PBXGroup;
			children = (
				AD4C9FC32923C5EE00D12AEC /* ViewModel */,
				AD4C9FC42923C5EE00D12AEC /* Model */,
				AD4C9FC52923C5EE00D12AEC /* View */,
			);
			path = Home;
			sourceTree = "<group>";
		};
		AD4C9FC32923C5EE00D12AEC /* ViewModel */ = {
			isa = PBXGroup;
			children = (
			);
			path = ViewModel;
			sourceTree = "<group>";
		};
		AD4C9FC42923C5EE00D12AEC /* Model */ = {
			isa = PBXGroup;
			children = (
			);
			path = Model;
			sourceTree = "<group>";
		};
		AD4C9FC52923C5EE00D12AEC /* View */ = {
			isa = PBXGroup;
			children = (
			);
			path = View;
			sourceTree = "<group>";
		};
		AD4C9FC62923C5EE00D12AEC /* Auth */ = {
			isa = PBXGroup;
			children = (
				AD4C9FC72923C5EE00D12AEC /* ViewModel */,
				AD4C9FC82923C5EE00D12AEC /* Model */,
				AD4C9FC92923C5EE00D12AEC /* View */,
				AD4C9FCA2923C5EE00D12AEC /* Scene */,
			);
			path = Auth;
			sourceTree = "<group>";
		};
		AD4C9FC72923C5EE00D12AEC /* ViewModel */ = {
			isa = PBXGroup;
			children = (
			);
			path = ViewModel;
			sourceTree = "<group>";
		};
		AD4C9FC82923C5EE00D12AEC /* Model */ = {
			isa = PBXGroup;
			children = (
			);
			path = Model;
			sourceTree = "<group>";
		};
		AD4C9FC92923C5EE00D12AEC /* View */ = {
			isa = PBXGroup;
			children = (
				AD4C9FD32923C64400D12AEC /* Auth.storyboard */,
			);
			path = View;
			sourceTree = "<group>";
		};
		AD4C9FCA2923C5EE00D12AEC /* Scene */ = {
			isa = PBXGroup;
			children = (
				AD4C9FCB2923C5EE00D12AEC /* OneTimeCode */,
				AD4C9FCE2923C5EE00D12AEC /* PhoneNumber */,
			);
			path = Scene;
			sourceTree = "<group>";
		};
		AD4C9FCB2923C5EE00D12AEC /* OneTimeCode */ = {
			isa = PBXGroup;
			children = (
				AD4C9FCC2923C5EE00D12AEC /* Controller */,
				AD4C9FCD2923C5EE00D12AEC /* Model */,
			);
			path = OneTimeCode;
			sourceTree = "<group>";
		};
		AD4C9FCC2923C5EE00D12AEC /* Controller */ = {
			isa = PBXGroup;
			children = (
			);
			path = Controller;
			sourceTree = "<group>";
		};
		AD4C9FCD2923C5EE00D12AEC /* Model */ = {
			isa = PBXGroup;
			children = (
			);
			path = Model;
			sourceTree = "<group>";
		};
		AD4C9FCE2923C5EE00D12AEC /* PhoneNumber */ = {
			isa = PBXGroup;
			children = (
				AD4C9FCF2923C5EE00D12AEC /* Controller */,
				AD4C9FD02923C5EE00D12AEC /* Model */,
			);
			path = PhoneNumber;
			sourceTree = "<group>";
		};
		AD4C9FCF2923C5EE00D12AEC /* Controller */ = {
			isa = PBXGroup;
			children = (
				AD4C9FDC2923CB7800D12AEC /* PhoneAuthViewController.swift */,
			);
			path = Controller;
			sourceTree = "<group>";
		};
		AD4C9FD02923C5EE00D12AEC /* Model */ = {
			isa = PBXGroup;
			children = (
			);
			path = Model;
			sourceTree = "<group>";
		};
		AD4C9FD12923C5EE00D12AEC /* Network */ = {
			isa = PBXGroup;
			children = (
			);
			path = Network;
			sourceTree = "<group>";
		};
		AD4C9FD22923C5EE00D12AEC /* Utility */ = {
			isa = PBXGroup;
			children = (
				AD4C9FDE2923CE2900D12AEC /* Extensions */,
			);
			path = Utility;
			sourceTree = "<group>";
		};
		AD4C9FD52923C73200D12AEC /* Launch */ = {
			isa = PBXGroup;
			children = (
				AD4C9FD92923C82C00D12AEC /* ViewModel */,
				AD4C9FD62923C74600D12AEC /* Scene */,
			);
			path = Launch;
			sourceTree = "<group>";
		};
		AD4C9FD62923C74600D12AEC /* Scene */ = {
			isa = PBXGroup;
			children = (
				AD4C9FD72923C76F00D12AEC /* LaunchViewController.swift */,
			);
			path = Scene;
			sourceTree = "<group>";
		};
		AD4C9FD92923C82C00D12AEC /* ViewModel */ = {
			isa = PBXGroup;
			children = (
				AD4C9FDA2923C84500D12AEC /* LaunchScreenViewModel.swift */,
			);
			path = ViewModel;
			sourceTree = "<group>";
		};
		AD4C9FDE2923CE2900D12AEC /* Extensions */ = {
			isa = PBXGroup;
			children = (
				AD4C9FDF2923CE2F00D12AEC /* Storyboard */,
			);
			path = Extensions;
			sourceTree = "<group>";
		};
		AD4C9FDF2923CE2F00D12AEC /* Storyboard */ = {
			isa = PBXGroup;
			children = (
				AD4C9FE02923CE4300D12AEC /* StoryboardExtension.swift */,
			);
			path = Storyboard;
			sourceTree = "<group>";
		};
		AD4C9FE22924C3FD00D12AEC /* Resource */ = {
			isa = PBXGroup;
			children = (
				AD4C9FE32924C3FD00D12AEC /* Videos */,
				AD4C9FE42924C3FD00D12AEC /* JSON */,
				AD4C9FE52924C3FD00D12AEC /* Font */,
			);
			path = Resource;
			sourceTree = "<group>";
		};
		AD4C9FE32924C3FD00D12AEC /* Videos */ = {
			isa = PBXGroup;
			children = (
			);
			path = Videos;
			sourceTree = "<group>";
		};
		AD4C9FE42924C3FD00D12AEC /* JSON */ = {
			isa = PBXGroup;
			children = (
			);
			path = JSON;
			sourceTree = "<group>";
		};
		AD4C9FE52924C3FD00D12AEC /* Font */ = {
			isa = PBXGroup;
			children = (
				AD4C9FEC2924C52E00D12AEC /* Economica */,
				AD4C9FF02924C52E00D12AEC /* Futura */,
			);
			path = Font;
			sourceTree = "<group>";
		};
		AD4C9FEC2924C52E00D12AEC /* Economica */ = {
			isa = PBXGroup;
			children = (
				AD4C9FED2924C52E00D12AEC /* Economica-Bold.ttf */,
				AD4C9FEE2924C52E00D12AEC /* Economica-Regular.ttf */,
				AD4C9FEF2924C52E00D12AEC /* Economica-Italic.ttf */,
			);
			path = Economica;
			sourceTree = "<group>";
		};
		AD4C9FF02924C52E00D12AEC /* Futura */ = {
			isa = PBXGroup;
			children = (
				AD4C9FF12924C52E00D12AEC /* Futura.ttc */,
			);
			path = Futura;
			sourceTree = "<group>";
		};
/* End PBXGroup section */

/* Begin PBXNativeTarget section */
		AD4C9F8A2923BC5200D12AEC /* Opineon */ = {
			isa = PBXNativeTarget;
			buildConfigurationList = AD4C9FB52923BC5400D12AEC /* Build configuration list for PBXNativeTarget "Opineon" */;
			buildPhases = (
				AD4C9F872923BC5200D12AEC /* Sources */,
				AD4C9F882923BC5200D12AEC /* Frameworks */,
				AD4C9F892923BC5200D12AEC /* Resources */,
			);
			buildRules = (
			);
			dependencies = (
			);
			name = Opineon;
			productName = Opineon;
			productReference = AD4C9F8B2923BC5200D12AEC /* Opineon.app */;
			productType = "com.apple.product-type.application";
		};
		AD4C9FA02923BC5400D12AEC /* OpineonTests */ = {
			isa = PBXNativeTarget;
			buildConfigurationList = AD4C9FB82923BC5400D12AEC /* Build configuration list for PBXNativeTarget "OpineonTests" */;
			buildPhases = (
				AD4C9F9D2923BC5400D12AEC /* Sources */,
				AD4C9F9E2923BC5400D12AEC /* Frameworks */,
				AD4C9F9F2923BC5400D12AEC /* Resources */,
			);
			buildRules = (
			);
			dependencies = (
				AD4C9FA32923BC5400D12AEC /* PBXTargetDependency */,
			);
			name = OpineonTests;
			productName = OpineonTests;
			productReference = AD4C9FA12923BC5400D12AEC /* OpineonTests.xctest */;
			productType = "com.apple.product-type.bundle.unit-test";
		};
		AD4C9FAA2923BC5400D12AEC /* OpineonUITests */ = {
			isa = PBXNativeTarget;
			buildConfigurationList = AD4C9FBB2923BC5400D12AEC /* Build configuration list for PBXNativeTarget "OpineonUITests" */;
			buildPhases = (
				AD4C9FA72923BC5400D12AEC /* Sources */,
				AD4C9FA82923BC5400D12AEC /* Frameworks */,
				AD4C9FA92923BC5400D12AEC /* Resources */,
			);
			buildRules = (
			);
			dependencies = (
				AD4C9FAD2923BC5400D12AEC /* PBXTargetDependency */,
			);
			name = OpineonUITests;
			productName = OpineonUITests;
			productReference = AD4C9FAB2923BC5400D12AEC /* OpineonUITests.xctest */;
			productType = "com.apple.product-type.bundle.ui-testing";
		};
/* End PBXNativeTarget section */

/* Begin PBXProject section */
		AD4C9F832923BC5100D12AEC /* Project object */ = {
			isa = PBXProject;
			attributes = {
				BuildIndependentTargetsInParallel = 1;
				LastSwiftUpdateCheck = 1410;
				LastUpgradeCheck = 1410;
				TargetAttributes = {
					AD4C9F8A2923BC5200D12AEC = {
						CreatedOnToolsVersion = 14.1;
					};
					AD4C9FA02923BC5400D12AEC = {
						CreatedOnToolsVersion = 14.1;
						TestTargetID = AD4C9F8A2923BC5200D12AEC;
					};
					AD4C9FAA2923BC5400D12AEC = {
						CreatedOnToolsVersion = 14.1;
						TestTargetID = AD4C9F8A2923BC5200D12AEC;
					};
				};
			};
			buildConfigurationList = AD4C9F862923BC5100D12AEC /* Build configuration list for PBXProject "Opineon" */;
			compatibilityVersion = "Xcode 14.0";
			developmentRegion = en;
			hasScannedForEncodings = 0;
			knownRegions = (
				en,
				Base,
			);
			mainGroup = AD4C9F822923BC5100D12AEC;
			productRefGroup = AD4C9F8C2923BC5200D12AEC /* Products */;
			projectDirPath = "";
			projectRoot = "";
			targets = (
				AD4C9F8A2923BC5200D12AEC /* Opineon */,
				AD4C9FA02923BC5400D12AEC /* OpineonTests */,
				AD4C9FAA2923BC5400D12AEC /* OpineonUITests */,
			);
		};
/* End PBXProject section */

/* Begin PBXResourcesBuildPhase section */
		AD4C9F892923BC5200D12AEC /* Resources */ = {
			isa = PBXResourcesBuildPhase;
			buildActionMask = 2147483647;
			files = (
				AD4C9FF32924C52E00D12AEC /* Economica-Regular.ttf in Resources */,
				AD4C9FF22924C52E00D12AEC /* Economica-Bold.ttf in Resources */,
				AD4C9FF52924C52E00D12AEC /* Futura.ttc in Resources */,
				AD4C9FD42923C64400D12AEC /* Auth.storyboard in Resources */,
				AD4C9FF42924C52E00D12AEC /* Economica-Italic.ttf in Resources */,
				AD4C9F9B2923BC5400D12AEC /* LaunchScreen.storyboard in Resources */,
				AD4C9F982923BC5400D12AEC /* Assets.xcassets in Resources */,
				AD4C9F962923BC5200D12AEC /* Main.storyboard in Resources */,
			);
			runOnlyForDeploymentPostprocessing = 0;
		};
		AD4C9F9F2923BC5400D12AEC /* Resources */ = {
			isa = PBXResourcesBuildPhase;
			buildActionMask = 2147483647;
			files = (
			);
			runOnlyForDeploymentPostprocessing = 0;
		};
		AD4C9FA92923BC5400D12AEC /* Resources */ = {
			isa = PBXResourcesBuildPhase;
			buildActionMask = 2147483647;
			files = (
			);
			runOnlyForDeploymentPostprocessing = 0;
		};
/* End PBXResourcesBuildPhase section */

/* Begin PBXSourcesBuildPhase section */
		AD4C9F872923BC5200D12AEC /* Sources */ = {
			isa = PBXSourcesBuildPhase;
			buildActionMask = 2147483647;
			files = (
				AD4C9F8F2923BC5200D12AEC /* AppDelegate.swift in Sources */,
				AD4C9FDD2923CB7800D12AEC /* PhoneAuthViewController.swift in Sources */,
				AD4C9FDB2923C84500D12AEC /* LaunchScreenViewModel.swift in Sources */,
				AD4C9FD82923C76F00D12AEC /* LaunchViewController.swift in Sources */,
				AD4C9FE12923CE4300D12AEC /* StoryboardExtension.swift in Sources */,
				AD4C9F912923BC5200D12AEC /* SceneDelegate.swift in Sources */,
			);
			runOnlyForDeploymentPostprocessing = 0;
		};
		AD4C9F9D2923BC5400D12AEC /* Sources */ = {
			isa = PBXSourcesBuildPhase;
			buildActionMask = 2147483647;
			files = (
				AD4C9FA62923BC5400D12AEC /* OpineonTests.swift in Sources */,
			);
			runOnlyForDeploymentPostprocessing = 0;
		};
		AD4C9FA72923BC5400D12AEC /* Sources */ = {
			isa = PBXSourcesBuildPhase;
			buildActionMask = 2147483647;
			files = (
				AD4C9FB02923BC5400D12AEC /* OpineonUITests.swift in Sources */,
				AD4C9FB22923BC5400D12AEC /* OpineonUITestsLaunchTests.swift in Sources */,
			);
			runOnlyForDeploymentPostprocessing = 0;
		};
/* End PBXSourcesBuildPhase section */

/* Begin PBXTargetDependency section */
		AD4C9FA32923BC5400D12AEC /* PBXTargetDependency */ = {
			isa = PBXTargetDependency;
			target = AD4C9F8A2923BC5200D12AEC /* Opineon */;
			targetProxy = AD4C9FA22923BC5400D12AEC /* PBXContainerItemProxy */;
		};
		AD4C9FAD2923BC5400D12AEC /* PBXTargetDependency */ = {
			isa = PBXTargetDependency;
			target = AD4C9F8A2923BC5200D12AEC /* Opineon */;
			targetProxy = AD4C9FAC2923BC5400D12AEC /* PBXContainerItemProxy */;
		};
/* End PBXTargetDependency section */

/* Begin PBXVariantGroup section */
		AD4C9F942923BC5200D12AEC /* Main.storyboard */ = {
			isa = PBXVariantGroup;
			children = (
				AD4C9F952923BC5200D12AEC /* Base */,
			);
			name = Main.storyboard;
			sourceTree = "<group>";
		};
		AD4C9F992923BC5400D12AEC /* LaunchScreen.storyboard */ = {
			isa = PBXVariantGroup;
			children = (
				AD4C9F9A2923BC5400D12AEC /* Base */,
			);
			name = LaunchScreen.storyboard;
			sourceTree = "<group>";
		};
/* End PBXVariantGroup section */

/* Begin XCBuildConfiguration section */
		AD4C9FB32923BC5400D12AEC /* Debug */ = {
			isa = XCBuildConfiguration;
			buildSettings = {
				ALWAYS_SEARCH_USER_PATHS = NO;
				CLANG_ANALYZER_NONNULL = YES;
				CLANG_ANALYZER_NUMBER_OBJECT_CONVERSION = YES_AGGRESSIVE;
				CLANG_CXX_LANGUAGE_STANDARD = "gnu++20";
				CLANG_ENABLE_MODULES = YES;
				CLANG_ENABLE_OBJC_ARC = YES;
				CLANG_ENABLE_OBJC_WEAK = YES;
				CLANG_WARN_BLOCK_CAPTURE_AUTORELEASING = YES;
				CLANG_WARN_BOOL_CONVERSION = YES;
				CLANG_WARN_COMMA = YES;
				CLANG_WARN_CONSTANT_CONVERSION = YES;
				CLANG_WARN_DEPRECATED_OBJC_IMPLEMENTATIONS = YES;
				CLANG_WARN_DIRECT_OBJC_ISA_USAGE = YES_ERROR;
				CLANG_WARN_DOCUMENTATION_COMMENTS = YES;
				CLANG_WARN_EMPTY_BODY = YES;
				CLANG_WARN_ENUM_CONVERSION = YES;
				CLANG_WARN_INFINITE_RECURSION = YES;
				CLANG_WARN_INT_CONVERSION = YES;
				CLANG_WARN_NON_LITERAL_NULL_CONVERSION = YES;
				CLANG_WARN_OBJC_IMPLICIT_RETAIN_SELF = YES;
				CLANG_WARN_OBJC_LITERAL_CONVERSION = YES;
				CLANG_WARN_OBJC_ROOT_CLASS = YES_ERROR;
				CLANG_WARN_QUOTED_INCLUDE_IN_FRAMEWORK_HEADER = YES;
				CLANG_WARN_RANGE_LOOP_ANALYSIS = YES;
				CLANG_WARN_STRICT_PROTOTYPES = YES;
				CLANG_WARN_SUSPICIOUS_MOVE = YES;
				CLANG_WARN_UNGUARDED_AVAILABILITY = YES_AGGRESSIVE;
				CLANG_WARN_UNREACHABLE_CODE = YES;
				CLANG_WARN__DUPLICATE_METHOD_MATCH = YES;
				COPY_PHASE_STRIP = NO;
				DEBUG_INFORMATION_FORMAT = dwarf;
				ENABLE_STRICT_OBJC_MSGSEND = YES;
				ENABLE_TESTABILITY = YES;
				GCC_C_LANGUAGE_STANDARD = gnu11;
				GCC_DYNAMIC_NO_PIC = NO;
				GCC_NO_COMMON_BLOCKS = YES;
				GCC_OPTIMIZATION_LEVEL = 0;
				GCC_PREPROCESSOR_DEFINITIONS = (
					"DEBUG=1",
					"$(inherited)",
				);
				GCC_WARN_64_TO_32_BIT_CONVERSION = YES;
				GCC_WARN_ABOUT_RETURN_TYPE = YES_ERROR;
				GCC_WARN_UNDECLARED_SELECTOR = YES;
				GCC_WARN_UNINITIALIZED_AUTOS = YES_AGGRESSIVE;
				GCC_WARN_UNUSED_FUNCTION = YES;
				GCC_WARN_UNUSED_VARIABLE = YES;
				IPHONEOS_DEPLOYMENT_TARGET = 16.1;
				MTL_ENABLE_DEBUG_INFO = INCLUDE_SOURCE;
				MTL_FAST_MATH = YES;
				ONLY_ACTIVE_ARCH = YES;
				SDKROOT = iphoneos;
				SWIFT_ACTIVE_COMPILATION_CONDITIONS = DEBUG;
				SWIFT_OPTIMIZATION_LEVEL = "-Onone";
			};
			name = Debug;
		};
		AD4C9FB42923BC5400D12AEC /* Release */ = {
			isa = XCBuildConfiguration;
			buildSettings = {
				ALWAYS_SEARCH_USER_PATHS = NO;
				CLANG_ANALYZER_NONNULL = YES;
				CLANG_ANALYZER_NUMBER_OBJECT_CONVERSION = YES_AGGRESSIVE;
				CLANG_CXX_LANGUAGE_STANDARD = "gnu++20";
				CLANG_ENABLE_MODULES = YES;
				CLANG_ENABLE_OBJC_ARC = YES;
				CLANG_ENABLE_OBJC_WEAK = YES;
				CLANG_WARN_BLOCK_CAPTURE_AUTORELEASING = YES;
				CLANG_WARN_BOOL_CONVERSION = YES;
				CLANG_WARN_COMMA = YES;
				CLANG_WARN_CONSTANT_CONVERSION = YES;
				CLANG_WARN_DEPRECATED_OBJC_IMPLEMENTATIONS = YES;
				CLANG_WARN_DIRECT_OBJC_ISA_USAGE = YES_ERROR;
				CLANG_WARN_DOCUMENTATION_COMMENTS = YES;
				CLANG_WARN_EMPTY_BODY = YES;
				CLANG_WARN_ENUM_CONVERSION = YES;
				CLANG_WARN_INFINITE_RECURSION = YES;
				CLANG_WARN_INT_CONVERSION = YES;
				CLANG_WARN_NON_LITERAL_NULL_CONVERSION = YES;
				CLANG_WARN_OBJC_IMPLICIT_RETAIN_SELF = YES;
				CLANG_WARN_OBJC_LITERAL_CONVERSION = YES;
				CLANG_WARN_OBJC_ROOT_CLASS = YES_ERROR;
				CLANG_WARN_QUOTED_INCLUDE_IN_FRAMEWORK_HEADER = YES;
				CLANG_WARN_RANGE_LOOP_ANALYSIS = YES;
				CLANG_WARN_STRICT_PROTOTYPES = YES;
				CLANG_WARN_SUSPICIOUS_MOVE = YES;
				CLANG_WARN_UNGUARDED_AVAILABILITY = YES_AGGRESSIVE;
				CLANG_WARN_UNREACHABLE_CODE = YES;
				CLANG_WARN__DUPLICATE_METHOD_MATCH = YES;
				COPY_PHASE_STRIP = NO;
				DEBUG_INFORMATION_FORMAT = "dwarf-with-dsym";
				ENABLE_NS_ASSERTIONS = NO;
				ENABLE_STRICT_OBJC_MSGSEND = YES;
				GCC_C_LANGUAGE_STANDARD = gnu11;
				GCC_NO_COMMON_BLOCKS = YES;
				GCC_WARN_64_TO_32_BIT_CONVERSION = YES;
				GCC_WARN_ABOUT_RETURN_TYPE = YES_ERROR;
				GCC_WARN_UNDECLARED_SELECTOR = YES;
				GCC_WARN_UNINITIALIZED_AUTOS = YES_AGGRESSIVE;
				GCC_WARN_UNUSED_FUNCTION = YES;
				GCC_WARN_UNUSED_VARIABLE = YES;
				IPHONEOS_DEPLOYMENT_TARGET = 16.1;
				MTL_ENABLE_DEBUG_INFO = NO;
				MTL_FAST_MATH = YES;
				SDKROOT = iphoneos;
				SWIFT_COMPILATION_MODE = wholemodule;
				SWIFT_OPTIMIZATION_LEVEL = "-O";
				VALIDATE_PRODUCT = YES;
			};
			name = Release;
		};
		AD4C9FB62923BC5400D12AEC /* Debug */ = {
			isa = XCBuildConfiguration;
			buildSettings = {
				ASSETCATALOG_COMPILER_APPICON_NAME = AppIcon;
				ASSETCATALOG_COMPILER_GLOBAL_ACCENT_COLOR_NAME = AccentColor;
				CODE_SIGN_STYLE = Automatic;
				CURRENT_PROJECT_VERSION = 1;
				DEVELOPMENT_TEAM = 5Y8B82DJKV;
				GENERATE_INFOPLIST_FILE = YES;
				INFOPLIST_FILE = Opineon/Info.plist;
				INFOPLIST_KEY_CFBundleDisplayName = Opineon;
				INFOPLIST_KEY_LSApplicationCategoryType = "public.app-category.social-networking";
				INFOPLIST_KEY_UIApplicationSupportsIndirectInputEvents = YES;
				INFOPLIST_KEY_UILaunchStoryboardName = LaunchScreen;
				INFOPLIST_KEY_UIMainStoryboardFile = Main;
				INFOPLIST_KEY_UISupportedInterfaceOrientations = UIInterfaceOrientationPortrait;
				INFOPLIST_KEY_UISupportedInterfaceOrientations_iPad = "UIInterfaceOrientationLandscapeLeft UIInterfaceOrientationLandscapeRight UIInterfaceOrientationPortrait UIInterfaceOrientationPortraitUpsideDown";
				IPHONEOS_DEPLOYMENT_TARGET = 14.0;
				LD_RUNPATH_SEARCH_PATHS = (
					"$(inherited)",
					"@executable_path/Frameworks",
				);
				MARKETING_VERSION = 1.0;
				PRODUCT_BUNDLE_IDENTIFIER = com.magic.Opineon;
				PRODUCT_NAME = "$(TARGET_NAME)";
				SUPPORTED_PLATFORMS = "iphoneos iphonesimulator";
				SUPPORTS_MACCATALYST = NO;
				SUPPORTS_MAC_DESIGNED_FOR_IPHONE_IPAD = NO;
				SWIFT_EMIT_LOC_STRINGS = YES;
				SWIFT_VERSION = 5.0;
				TARGETED_DEVICE_FAMILY = 1;
			};
			name = Debug;
		};
		AD4C9FB72923BC5400D12AEC /* Release */ = {
			isa = XCBuildConfiguration;
			buildSettings = {
				ASSETCATALOG_COMPILER_APPICON_NAME = AppIcon;
				ASSETCATALOG_COMPILER_GLOBAL_ACCENT_COLOR_NAME = AccentColor;
				CODE_SIGN_STYLE = Automatic;
				CURRENT_PROJECT_VERSION = 1;
				DEVELOPMENT_TEAM = 5Y8B82DJKV;
				GENERATE_INFOPLIST_FILE = YES;
				INFOPLIST_FILE = Opineon/Info.plist;
				INFOPLIST_KEY_CFBundleDisplayName = Opineon;
				INFOPLIST_KEY_LSApplicationCategoryType = "public.app-category.social-networking";
				INFOPLIST_KEY_UIApplicationSupportsIndirectInputEvents = YES;
				INFOPLIST_KEY_UILaunchStoryboardName = LaunchScreen;
				INFOPLIST_KEY_UIMainStoryboardFile = Main;
				INFOPLIST_KEY_UISupportedInterfaceOrientations = UIInterfaceOrientationPortrait;
				INFOPLIST_KEY_UISupportedInterfaceOrientations_iPad = "UIInterfaceOrientationLandscapeLeft UIInterfaceOrientationLandscapeRight UIInterfaceOrientationPortrait UIInterfaceOrientationPortraitUpsideDown";
				IPHONEOS_DEPLOYMENT_TARGET = 14.0;
				LD_RUNPATH_SEARCH_PATHS = (
					"$(inherited)",
					"@executable_path/Frameworks",
				);
				MARKETING_VERSION = 1.0;
				PRODUCT_BUNDLE_IDENTIFIER = com.magic.Opineon;
				PRODUCT_NAME = "$(TARGET_NAME)";
				SUPPORTED_PLATFORMS = "iphoneos iphonesimulator";
				SUPPORTS_MACCATALYST = NO;
				SUPPORTS_MAC_DESIGNED_FOR_IPHONE_IPAD = NO;
				SWIFT_EMIT_LOC_STRINGS = YES;
				SWIFT_VERSION = 5.0;
				TARGETED_DEVICE_FAMILY = 1;
			};
			name = Release;
		};
		AD4C9FB92923BC5400D12AEC /* Debug */ = {
			isa = XCBuildConfiguration;
			buildSettings = {
				ALWAYS_EMBED_SWIFT_STANDARD_LIBRARIES = YES;
				BUNDLE_LOADER = "$(TEST_HOST)";
				CODE_SIGN_STYLE = Automatic;
				CURRENT_PROJECT_VERSION = 1;
				DEVELOPMENT_TEAM = 5Y8B82DJKV;
				GENERATE_INFOPLIST_FILE = YES;
				IPHONEOS_DEPLOYMENT_TARGET = 16.1;
				MARKETING_VERSION = 1.0;
				PRODUCT_BUNDLE_IDENTIFIER = com.magic.OpineonTests;
				PRODUCT_NAME = "$(TARGET_NAME)";
				SWIFT_EMIT_LOC_STRINGS = NO;
				SWIFT_VERSION = 5.0;
				TARGETED_DEVICE_FAMILY = "1,2";
				TEST_HOST = "$(BUILT_PRODUCTS_DIR)/Opineon.app/$(BUNDLE_EXECUTABLE_FOLDER_PATH)/Opineon";
			};
			name = Debug;
		};
		AD4C9FBA2923BC5400D12AEC /* Release */ = {
			isa = XCBuildConfiguration;
			buildSettings = {
				ALWAYS_EMBED_SWIFT_STANDARD_LIBRARIES = YES;
				BUNDLE_LOADER = "$(TEST_HOST)";
				CODE_SIGN_STYLE = Automatic;
				CURRENT_PROJECT_VERSION = 1;
				DEVELOPMENT_TEAM = 5Y8B82DJKV;
				GENERATE_INFOPLIST_FILE = YES;
				IPHONEOS_DEPLOYMENT_TARGET = 16.1;
				MARKETING_VERSION = 1.0;
				PRODUCT_BUNDLE_IDENTIFIER = com.magic.OpineonTests;
				PRODUCT_NAME = "$(TARGET_NAME)";
				SWIFT_EMIT_LOC_STRINGS = NO;
				SWIFT_VERSION = 5.0;
				TARGETED_DEVICE_FAMILY = "1,2";
				TEST_HOST = "$(BUILT_PRODUCTS_DIR)/Opineon.app/$(BUNDLE_EXECUTABLE_FOLDER_PATH)/Opineon";
			};
			name = Release;
		};
		AD4C9FBC2923BC5400D12AEC /* Debug */ = {
			isa = XCBuildConfiguration;
			buildSettings = {
				ALWAYS_EMBED_SWIFT_STANDARD_LIBRARIES = YES;
				CODE_SIGN_STYLE = Automatic;
				CURRENT_PROJECT_VERSION = 1;
				DEVELOPMENT_TEAM = 5Y8B82DJKV;
				GENERATE_INFOPLIST_FILE = YES;
				MARKETING_VERSION = 1.0;
				PRODUCT_BUNDLE_IDENTIFIER = com.magic.OpineonUITests;
				PRODUCT_NAME = "$(TARGET_NAME)";
				SWIFT_EMIT_LOC_STRINGS = NO;
				SWIFT_VERSION = 5.0;
				TARGETED_DEVICE_FAMILY = "1,2";
				TEST_TARGET_NAME = Opineon;
			};
			name = Debug;
		};
		AD4C9FBD2923BC5400D12AEC /* Release */ = {
			isa = XCBuildConfiguration;
			buildSettings = {
				ALWAYS_EMBED_SWIFT_STANDARD_LIBRARIES = YES;
				CODE_SIGN_STYLE = Automatic;
				CURRENT_PROJECT_VERSION = 1;
				DEVELOPMENT_TEAM = 5Y8B82DJKV;
				GENERATE_INFOPLIST_FILE = YES;
				MARKETING_VERSION = 1.0;
				PRODUCT_BUNDLE_IDENTIFIER = com.magic.OpineonUITests;
				PRODUCT_NAME = "$(TARGET_NAME)";
				SWIFT_EMIT_LOC_STRINGS = NO;
				SWIFT_VERSION = 5.0;
				TARGETED_DEVICE_FAMILY = "1,2";
				TEST_TARGET_NAME = Opineon;
			};
			name = Release;
		};
/* End XCBuildConfiguration section */

/* Begin XCConfigurationList section */
		AD4C9F862923BC5100D12AEC /* Build configuration list for PBXProject "Opineon" */ = {
			isa = XCConfigurationList;
			buildConfigurations = (
				AD4C9FB32923BC5400D12AEC /* Debug */,
				AD4C9FB42923BC5400D12AEC /* Release */,
			);
			defaultConfigurationIsVisible = 0;
			defaultConfigurationName = Release;
		};
		AD4C9FB52923BC5400D12AEC /* Build configuration list for PBXNativeTarget "Opineon" */ = {
			isa = XCConfigurationList;
			buildConfigurations = (
				AD4C9FB62923BC5400D12AEC /* Debug */,
				AD4C9FB72923BC5400D12AEC /* Release */,
			);
			defaultConfigurationIsVisible = 0;
			defaultConfigurationName = Release;
		};
		AD4C9FB82923BC5400D12AEC /* Build configuration list for PBXNativeTarget "OpineonTests" */ = {
			isa = XCConfigurationList;
			buildConfigurations = (
				AD4C9FB92923BC5400D12AEC /* Debug */,
				AD4C9FBA2923BC5400D12AEC /* Release */,
			);
			defaultConfigurationIsVisible = 0;
			defaultConfigurationName = Release;
		};
		AD4C9FBB2923BC5400D12AEC /* Build configuration list for PBXNativeTarget "OpineonUITests" */ = {
			isa = XCConfigurationList;
			buildConfigurations = (
				AD4C9FBC2923BC5400D12AEC /* Debug */,
				AD4C9FBD2923BC5400D12AEC /* Release */,
			);
			defaultConfigurationIsVisible = 0;
			defaultConfigurationName = Release;
		};
/* End XCConfigurationList section */
	};
	rootObject = AD4C9F832923BC5100D12AEC /* Project object */;
}
